
Microsoft Visual Studio Solution File, Format Version 12.00
# Visual Studio Version 16
VisualStudioVersion = 16.0.32106.194
MinimumVisualStudioVersion = 10.0.40219.1
Project("{9A19103F-16F7-4668-BE54-9A1E7A4F7556}") = "RCVUcab", "RCVUcab\RCVUcab.csproj", "{CDE57B14-0553-4D86-A259-B0F02A038727}"
EndProject
Project("{FAE04EC0-301F-11D3-BF4B-00C04F79EFBC}") = "RCVUcab.Test", "RCVUcab.Test\RCVUcab.Test.csproj", "{74D60780-E69D-4B6D-8928-FF79E3FE07A7}"
EndProject
Global
	GlobalSection(SolutionConfigurationPlatforms) = preSolution
		Debug|Any CPU = Debug|Any CPU
		Release|Any CPU = Release|Any CPU
	EndGlobalSection
	GlobalSection(ProjectConfigurationPlatforms) = postSolution
		{CDE57B14-0553-4D86-A259-B0F02A038727}.Debug|Any CPU.ActiveCfg = Debug|Any CPU
		{CDE57B14-0553-4D86-A259-B0F02A038727}.Debug|Any CPU.Build.0 = Debug|Any CPU
		{CDE57B14-0553-4D86-A259-B0F02A038727}.Release|Any CPU.ActiveCfg = Release|Any CPU
		{CDE57B14-0553-4D86-A259-B0F02A038727}.Release|Any CPU.Build.0 = Release|Any CPU
		{74D60780-E69D-4B6D-8928-FF79E3FE07A7}.Debug|Any CPU.ActiveCfg = Debug|Any CPU
		{74D60780-E69D-4B6D-8928-FF79E3FE07A7}.Debug|Any CPU.Build.0 = Debug|Any CPU
		{74D60780-E69D-4B6D-8928-FF79E3FE07A7}.Release|Any CPU.ActiveCfg = Release|Any CPU
		{74D60780-E69D-4B6D-8928-FF79E3FE07A7}.Release|Any CPU.Build.0 = Release|Any CPU
	EndGlobalSection
	GlobalSection(SolutionProperties) = preSolution
		HideSolutionNode = FALSE
	EndGlobalSection
	GlobalSection(ExtensibilityGlobals) = postSolution
		SolutionGuid = {6523D6B7-1AC0-4A35-A4A1-65F63E757537}
	EndGlobalSection
EndGlobal
